
Microsoft Visual Studio Solution File, Format Version 12.00
# Visual Studio Version 16
VisualStudioVersion = 16.0.30717.126
MinimumVisualStudioVersion = 10.0.40219.1
Project("{FAE04EC0-301F-11D3-BF4B-00C04F79EFBC}") = "Modern interface1", "Modern interface1.csproj", "{BA706E46-6BEC-4016-BC96-FA526245E92F}"
EndProject
Global
	GlobalSection(SolutionConfigurationPlatforms) = preSolution
		Debug|Any CPU = Debug|Any CPU
		Release|Any CPU = Release|Any CPU
	EndGlobalSection
	GlobalSection(ProjectConfigurationPlatforms) = postSolution
		{BA706E46-6BEC-4016-BC96-FA526245E92F}.Debug|Any CPU.ActiveCfg = Debug|Any CPU
		{BA706E46-6BEC-4016-BC96-FA526245E92F}.Debug|Any CPU.Build.0 = Debug|Any CPU
		{BA706E46-6BEC-4016-BC96-FA526245E92F}.Release|Any CPU.ActiveCfg = Release|Any CPU
		{BA706E46-6BEC-4016-BC96-FA526245E92F}.Release|Any CPU.Build.0 = Release|Any CPU
	EndGlobalSection
	GlobalSection(SolutionProperties) = preSolution
		HideSolutionNode = FALSE
	EndGlobalSection
	GlobalSection(ExtensibilityGlobals) = postSolution
		SolutionGuid = {D63C0B03-3F75-4AC4-B4BD-E26D132543D3}
	EndGlobalSection
EndGlobal
